// !$*UTF8*$!
{
	archiveVersion = 1;
	classes = {
	};
	objectVersion = 50;
	objects = {

/* Begin PBXBuildFile section */
		C4433F8326B18E440089FFCA /* Person.swift in Sources */ = {isa = PBXBuildFile; fileRef = C4433F8226B18E440089FFCA /* Person.swift */; };
		C47CDC7726AAFCC300BDE5BB /* AppDelegate.swift in Sources */ = {isa = PBXBuildFile; fileRef = C47CDC7626AAFCC300BDE5BB /* AppDelegate.swift */; };
		C47CDC7926AAFCC300BDE5BB /* SceneDelegate.swift in Sources */ = {isa = PBXBuildFile; fileRef = C47CDC7826AAFCC300BDE5BB /* SceneDelegate.swift */; };
		C47CDC7B26AAFCC300BDE5BB /* ViewController.swift in Sources */ = {isa = PBXBuildFile; fileRef = C47CDC7A26AAFCC300BDE5BB /* ViewController.swift */; };
		C47CDC7E26AAFCC300BDE5BB /* Main.storyboard in Resources */ = {isa = PBXBuildFile; fileRef = C47CDC7C26AAFCC300BDE5BB /* Main.storyboard */; };
		C47CDC8026AAFCC700BDE5BB /* Assets.xcassets in Resources */ = {isa = PBXBuildFile; fileRef = C47CDC7F26AAFCC700BDE5BB /* Assets.xcassets */; };
		C47CDC8326AAFCC700BDE5BB /* LaunchScreen.storyboard in Resources */ = {isa = PBXBuildFile; fileRef = C47CDC8126AAFCC700BDE5BB /* LaunchScreen.storyboard */; };
		C47E639D26C2C10200302E86 /* PersonViewController.swift in Sources */ = {isa = PBXBuildFile; fileRef = C47E639C26C2C10200302E86 /* PersonViewController.swift */; };
/* End PBXBuildFile section */

/* Begin PBXFileReference section */
		C4433F8226B18E440089FFCA /* Person.swift */ = {isa = PBXFileReference; lastKnownFileType = sourcecode.swift; path = Person.swift; sourceTree = "<group>"; };
		C47CDC7326AAFCC300BDE5BB /* Challenge4.app */ = {isa = PBXFileReference; explicitFileType = wrapper.application; includeInIndex = 0; path = Challenge4.app; sourceTree = BUILT_PRODUCTS_DIR; };
		C47CDC7626AAFCC300BDE5BB /* AppDelegate.swift */ = {isa = PBXFileReference; lastKnownFileType = sourcecode.swift; path = AppDelegate.swift; sourceTree = "<group>"; };
		C47CDC7826AAFCC300BDE5BB /* SceneDelegate.swift */ = {isa = PBXFileReference; lastKnownFileType = sourcecode.swift; path = SceneDelegate.swift; sourceTree = "<group>"; };
		C47CDC7A26AAFCC300BDE5BB /* ViewController.swift */ = {isa = PBXFileReference; lastKnownFileType = sourcecode.swift; path = ViewController.swift; sourceTree = "<group>"; };
		C47CDC7D26AAFCC300BDE5BB /* Base */ = {isa = PBXFileReference; lastKnownFileType = file.storyboard; name = Base; path = Base.lproj/Main.storyboard; sourceTree = "<group>"; };
		C47CDC7F26AAFCC700BDE5BB /* Assets.xcassets */ = {isa = PBXFileReference; lastKnownFileType = folder.assetcatalog; path = Assets.xcassets; sourceTree = "<group>"; };
		C47CDC8226AAFCC700BDE5BB /* Base */ = {isa = PBXFileReference; lastKnownFileType = file.storyboard; name = Base; path = Base.lproj/LaunchScreen.storyboard; sourceTree = "<group>"; };
		C47CDC8426AAFCC700BDE5BB /* Info.plist */ = {isa = PBXFileReference; lastKnownFileType = text.plist.xml; path = Info.plist; sourceTree = "<group>"; };
		C47E639C26C2C10200302E86 /* PersonViewController.swift */ = {isa = PBXFileReference; lastKnownFileType = sourcecode.swift; path = PersonViewController.swift; sourceTree = "<group>"; };
/* End PBXFileReference section */

/* Begin PBXFrameworksBuildPhase section */
		C47CDC7026AAFCC300BDE5BB /* Frameworks */ = {
			isa = PBXFrameworksBuildPhase;
			buildActionMask = 2147483647;
			files = (
			);
			runOnlyForDeploymentPostprocessing = 0;
		};
/* End PBXFrameworksBuildPhase section */

/* Begin PBXGroup section */
		C4433F7F26B18DED0089FFCA /* Model */ = {
			isa = PBXGroup;
			children = (
				C4433F8226B18E440089FFCA /* Person.swift */,
			);
			path = Model;
			sourceTree = "<group>";
		};
		C47CDC6A26AAFCC300BDE5BB = {
			isa = PBXGroup;
			children = (
				C47CDC7526AAFCC300BDE5BB /* Challenge4 */,
				C47CDC7426AAFCC300BDE5BB /* Products */,
			);
			sourceTree = "<group>";
		};
		C47CDC7426AAFCC300BDE5BB /* Products */ = {
			isa = PBXGroup;
			children = (
				C47CDC7326AAFCC300BDE5BB /* Challenge4.app */,
			);
			name = Products;
			sourceTree = "<group>";
		};
		C47CDC7526AAFCC300BDE5BB /* Challenge4 */ = {
			isa = PBXGroup;
			children = (
				C4433F7F26B18DED0089FFCA /* Model */,
				C47E639A26C2B43300302E86 /* View */,
				C47E639B26C2B44800302E86 /* Controller */,
				C47CDC7626AAFCC300BDE5BB /* AppDelegate.swift */,
				C47CDC7826AAFCC300BDE5BB /* SceneDelegate.swift */,
				C47CDC7F26AAFCC700BDE5BB /* Assets.xcassets */,
				C47CDC8126AAFCC700BDE5BB /* LaunchScreen.storyboard */,
				C47CDC8426AAFCC700BDE5BB /* Info.plist */,
			);
			path = Challenge4;
			sourceTree = "<group>";
		};
		C47E639A26C2B43300302E86 /* View */ = {
			isa = PBXGroup;
			children = (
				C47CDC7C26AAFCC300BDE5BB /* Main.storyboard */,
			);
			path = View;
			sourceTree = "<group>";
		};
		C47E639B26C2B44800302E86 /* Controller */ = {
			isa = PBXGroup;
			children = (
				C47CDC7A26AAFCC300BDE5BB /* ViewController.swift */,
				C47E639C26C2C10200302E86 /* PersonViewController.swift */,
			);
			path = Controller;
			sourceTree = "<group>";
		};
/* End PBXGroup section */

/* Begin PBXNativeTarget section */
		C47CDC7226AAFCC300BDE5BB /* Challenge4 */ = {
			isa = PBXNativeTarget;
			buildConfigurationList = C47CDC8726AAFCC700BDE5BB /* Build configuration list for PBXNativeTarget "Challenge4" */;
			buildPhases = (
				C47CDC6F26AAFCC300BDE5BB /* Sources */,
				C47CDC7026AAFCC300BDE5BB /* Frameworks */,
				C47CDC7126AAFCC300BDE5BB /* Resources */,
			);
			buildRules = (
			);
			dependencies = (
			);
			name = Challenge4;
			productName = Challenge4;
			productReference = C47CDC7326AAFCC300BDE5BB /* Challenge4.app */;
			productType = "com.apple.product-type.application";
		};
/* End PBXNativeTarget section */

/* Begin PBXProject section */
		C47CDC6B26AAFCC300BDE5BB /* Project object */ = {
			isa = PBXProject;
			attributes = {
				LastSwiftUpdateCheck = 1250;
				LastUpgradeCheck = 1250;
				TargetAttributes = {
					C47CDC7226AAFCC300BDE5BB = {
						CreatedOnToolsVersion = 12.5.1;
					};
				};
			};
			buildConfigurationList = C47CDC6E26AAFCC300BDE5BB /* Build configuration list for PBXProject "Challenge4" */;
			compatibilityVersion = "Xcode 9.3";
			developmentRegion = en;
			hasScannedForEncodings = 0;
			knownRegions = (
				en,
				Base,
			);
			mainGroup = C47CDC6A26AAFCC300BDE5BB;
			productRefGroup = C47CDC7426AAFCC300BDE5BB /* Products */;
			projectDirPath = "";
			projectRoot = "";
			targets = (
				C47CDC7226AAFCC300BDE5BB /* Challenge4 */,
			);
		};
/* End PBXProject section */

/* Begin PBXResourcesBuildPhase section */
		C47CDC7126AAFCC300BDE5BB /* Resources */ = {
			isa = PBXResourcesBuildPhase;
			buildActionMask = 2147483647;
			files = (
				C47CDC8326AAFCC700BDE5BB /* LaunchScreen.storyboard in Resources */,
				C47CDC8026AAFCC700BDE5BB /* Assets.xcassets in Resources */,
				C47CDC7E26AAFCC300BDE5BB /* Main.storyboard in Resources */,
			);
			runOnlyForDeploymentPostprocessing = 0;
		};
/* End PBXResourcesBuildPhase section */

/* Begin PBXSourcesBuildPhase section */
		C47CDC6F26AAFCC300BDE5BB /* Sources */ = {
			isa = PBXSourcesBuildPhase;
			buildActionMask = 2147483647;
			files = (
				C47E639D26C2C10200302E86 /* PersonViewController.swift in Sources */,
				C47CDC7B26AAFCC300BDE5BB /* ViewController.swift in Sources */,
				C47CDC7726AAFCC300BDE5BB /* AppDelegate.swift in Sources */,
				C4433F8326B18E440089FFCA /* Person.swift in Sources */,
				C47CDC7926AAFCC300BDE5BB /* SceneDelegate.swift in Sources */,
			);
			runOnlyForDeploymentPostprocessing = 0;
		};
/* End PBXSourcesBuildPhase section */

/* Begin PBXVariantGroup section */
		C47CDC7C26AAFCC300BDE5BB /* Main.storyboard */ = {
			isa = PBXVariantGroup;
			children = (
				C47CDC7D26AAFCC300BDE5BB /* Base */,
			);
			name = Main.storyboard;
			sourceTree = "<group>";
		};
		C47CDC8126AAFCC700BDE5BB /* LaunchScreen.storyboard */ = {
			isa = PBXVariantGroup;
			children = (
				C47CDC8226AAFCC700BDE5BB /* Base */,
			);
			name = LaunchScreen.storyboard;
			sourceTree = "<group>";
		};
/* End PBXVariantGroup section */

/* Begin XCBuildConfiguration section */
		C47CDC8526AAFCC700BDE5BB /* Debug */ = {
			isa = XCBuildConfiguration;
			buildSettings = {
				ALWAYS_SEARCH_USER_PATHS = NO;
				CLANG_ANALYZER_NONNULL = YES;
				CLANG_ANALYZER_NUMBER_OBJECT_CONVERSION = YES_AGGRESSIVE;
				CLANG_CXX_LANGUAGE_STANDARD = "gnu++14";
				CLANG_CXX_LIBRARY = "libc++";
				CLANG_ENABLE_MODULES = YES;
				CLANG_ENABLE_OBJC_ARC = YES;
				CLANG_ENABLE_OBJC_WEAK = YES;
				CLANG_WARN_BLOCK_CAPTURE_AUTORELEASING = YES;
				CLANG_WARN_BOOL_CONVERSION = YES;
				CLANG_WARN_COMMA = YES;
				CLANG_WARN_CONSTANT_CONVERSION = YES;
				CLANG_WARN_DEPRECATED_OBJC_IMPLEMENTATIONS = YES;
				CLANG_WARN_DIRECT_OBJC_ISA_USAGE = YES_ERROR;
				CLANG_WARN_DOCUMENTATION_COMMENTS = YES;
				CLANG_WARN_EMPTY_BODY = YES;
				CLANG_WARN_ENUM_CONVERSION = YES;
				CLANG_WARN_INFINITE_RECURSION = YES;
				CLANG_WARN_INT_CONVERSION = YES;
				CLANG_WARN_NON_LITERAL_NULL_CONVERSION = YES;
				CLANG_WARN_OBJC_IMPLICIT_RETAIN_SELF = YES;
				CLANG_WARN_OBJC_LITERAL_CONVERSION = YES;
				CLANG_WARN_OBJC_ROOT_CLASS = YES_ERROR;
				CLANG_WARN_QUOTED_INCLUDE_IN_FRAMEWORK_HEADER = YES;
				CLANG_WARN_RANGE_LOOP_ANALYSIS = YES;
				CLANG_WARN_STRICT_PROTOTYPES = YES;
				CLANG_WARN_SUSPICIOUS_MOVE = YES;
				CLANG_WARN_UNGUARDED_AVAILABILITY = YES_AGGRESSIVE;
				CLANG_WARN_UNREACHABLE_CODE = YES;
				CLANG_WARN__DUPLICATE_METHOD_MATCH = YES;
				COPY_PHASE_STRIP = NO;
				DEBUG_INFORMATION_FORMAT = dwarf;
				ENABLE_STRICT_OBJC_MSGSEND = YES;
				ENABLE_TESTABILITY = YES;
				GCC_C_LANGUAGE_STANDARD = gnu11;
				GCC_DYNAMIC_NO_PIC = NO;
				GCC_NO_COMMON_BLOCKS = YES;
				GCC_OPTIMIZATION_LEVEL = 0;
				GCC_PREPROCESSOR_DEFINITIONS = (
					"DEBUG=1",
					"$(inherited)",
				);
				GCC_WARN_64_TO_32_BIT_CONVERSION = YES;
				GCC_WARN_ABOUT_RETURN_TYPE = YES_ERROR;
				GCC_WARN_UNDECLARED_SELECTOR = YES;
				GCC_WARN_UNINITIALIZED_AUTOS = YES_AGGRESSIVE;
				GCC_WARN_UNUSED_FUNCTION = YES;
				GCC_WARN_UNUSED_VARIABLE = YES;
				IPHONEOS_DEPLOYMENT_TARGET = 14.5;
				MTL_ENABLE_DEBUG_INFO = INCLUDE_SOURCE;
				MTL_FAST_MATH = YES;
				ONLY_ACTIVE_ARCH = YES;
				SDKROOT = iphoneos;
				SWIFT_ACTIVE_COMPILATION_CONDITIONS = DEBUG;
				SWIFT_OPTIMIZATION_LEVEL = "-Onone";
			};
			name = Debug;
		};
		C47CDC8626AAFCC700BDE5BB /* Release */ = {
			isa = XCBuildConfiguration;
			buildSettings = {
				ALWAYS_SEARCH_USER_PATHS = NO;
				CLANG_ANALYZER_NONNULL = YES;
				CLANG_ANALYZER_NUMBER_OBJECT_CONVERSION = YES_AGGRESSIVE;
				CLANG_CXX_LANGUAGE_STANDARD = "gnu++14";
				CLANG_CXX_LIBRARY = "libc++";
				CLANG_ENABLE_MODULES = YES;
				CLANG_ENABLE_OBJC_ARC = YES;
				CLANG_ENABLE_OBJC_WEAK = YES;
				CLANG_WARN_BLOCK_CAPTURE_AUTORELEASING = YES;
				CLANG_WARN_BOOL_CONVERSION = YES;
				CLANG_WARN_COMMA = YES;
				CLANG_WARN_CONSTANT_CONVERSION = YES;
				CLANG_WARN_DEPRECATED_OBJC_IMPLEMENTATIONS = YES;
				CLANG_WARN_DIRECT_OBJC_ISA_USAGE = YES_ERROR;
				CLANG_WARN_DOCUMENTATION_COMMENTS = YES;
				CLANG_WARN_EMPTY_BODY = YES;
				CLANG_WARN_ENUM_CONVERSION = YES;
				CLANG_WARN_INFINITE_RECURSION = YES;
				CLANG_WARN_INT_CONVERSION = YES;
				CLANG_WARN_NON_LITERAL_NULL_CONVERSION = YES;
				CLANG_WARN_OBJC_IMPLICIT_RETAIN_SELF = YES;
				CLANG_WARN_OBJC_LITERAL_CONVERSION = YES;
				CLANG_WARN_OBJC_ROOT_CLASS = YES_ERROR;
				CLANG_WARN_QUOTED_INCLUDE_IN_FRAMEWORK_HEADER = YES;
				CLANG_WARN_RANGE_LOOP_ANALYSIS = YES;
				CLANG_WARN_STRICT_PROTOTYPES = YES;
				CLANG_WARN_SUSPICIOUS_MOVE = YES;
				CLANG_WARN_UNGUARDED_AVAILABILITY = YES_AGGRESSIVE;
				CLANG_WARN_UNREACHABLE_CODE = YES;
				CLANG_WARN__DUPLICATE_METHOD_MATCH = YES;
				COPY_PHASE_STRIP = NO;
				DEBUG_INFORMATION_FORMAT = "dwarf-with-dsym";
				ENABLE_NS_ASSERTIONS = NO;
				ENABLE_STRICT_OBJC_MSGSEND = YES;
				GCC_C_LANGUAGE_STANDARD = gnu11;
				GCC_NO_COMMON_BLOCKS = YES;
				GCC_WARN_64_TO_32_BIT_CONVERSION = YES;
				GCC_WARN_ABOUT_RETURN_TYPE = YES_ERROR;
				GCC_WARN_UNDECLARED_SELECTOR = YES;
				GCC_WARN_UNINITIALIZED_AUTOS = YES_AGGRESSIVE;
				GCC_WARN_UNUSED_FUNCTION = YES;
				GCC_WARN_UNUSED_VARIABLE = YES;
				IPHONEOS_DEPLOYMENT_TARGET = 14.5;
				MTL_ENABLE_DEBUG_INFO = NO;
				MTL_FAST_MATH = YES;
				SDKROOT = iphoneos;
				SWIFT_COMPILATION_MODE = wholemodule;
				SWIFT_OPTIMIZATION_LEVEL = "-O";
				VALIDATE_PRODUCT = YES;
			};
			name = Release;
		};
		C47CDC8826AAFCC700BDE5BB /* Debug */ = {
			isa = XCBuildConfiguration;
			buildSettings = {
				ASSETCATALOG_COMPILER_APPICON_NAME = AppIcon;
				ASSETCATALOG_COMPILER_GLOBAL_ACCENT_COLOR_NAME = AccentColor;
				CODE_SIGN_STYLE = Automatic;
				DEVELOPMENT_TEAM = 9ZDQ7ASWHR;
				INFOPLIST_FILE = Challenge4/Info.plist;
				LD_RUNPATH_SEARCH_PATHS = (
					"$(inherited)",
					"@executable_path/Frameworks",
				);
				PRODUCT_BUNDLE_IDENTIFIER = com.edyama.Challenge4;
				PRODUCT_NAME = "$(TARGET_NAME)";
				SWIFT_VERSION = 5.0;
				TARGETED_DEVICE_FAMILY = "1,2";
			};
			name = Debug;
		};
		C47CDC8926AAFCC700BDE5BB /* Release */ = {
			isa = XCBuildConfiguration;
			buildSettings = {
				ASSETCATALOG_COMPILER_APPICON_NAME = AppIcon;
				ASSETCATALOG_COMPILER_GLOBAL_ACCENT_COLOR_NAME = AccentColor;
				CODE_SIGN_STYLE = Automatic;
				DEVELOPMENT_TEAM = 9ZDQ7ASWHR;
				INFOPLIST_FILE = Challenge4/Info.plist;
				LD_RUNPATH_SEARCH_PATHS = (
					"$(inherited)",
					"@executable_path/Frameworks",
				);
				PRODUCT_BUNDLE_IDENTIFIER = com.edyama.Challenge4;
				PRODUCT_NAME = "$(TARGET_NAME)";
				SWIFT_VERSION = 5.0;
				TARGETED_DEVICE_FAMILY = "1,2";
			};
			name = Release;
		};
/* End XCBuildConfiguration section */

/* Begin XCConfigurationList section */
		C47CDC6E26AAFCC300BDE5BB /* Build configuration list for PBXProject "Challenge4" */ = {
			isa = XCConfigurationList;
			buildConfigurations = (
				C47CDC8526AAFCC700BDE5BB /* Debug */,
				C47CDC8626AAFCC700BDE5BB /* Release */,
			);
			defaultConfigurationIsVisible = 0;
			defaultConfigurationName = Release;
		};
		C47CDC8726AAFCC700BDE5BB /* Build configuration list for PBXNativeTarget "Challenge4" */ = {
			isa = XCConfigurationList;
			buildConfigurations = (
				C47CDC8826AAFCC700BDE5BB /* Debug */,
				C47CDC8926AAFCC700BDE5BB /* Release */,
			);
			defaultConfigurationIsVisible = 0;
			defaultConfigurationName = Release;
		};
/* End XCConfigurationList section */
	};
	rootObject = C47CDC6B26AAFCC300BDE5BB /* Project object */;
}
