// !$*UTF8*$!
{
	archiveVersion = 1;
	classes = {
	};
	objectVersion = 50;
	objects = {

/* Begin PBXBuildFile section */
		C4B617F726A83FB000692173 /* AppDelegate.swift in Sources */ = {isa = PBXBuildFile; fileRef = C4B617F626A83FB000692173 /* AppDelegate.swift */; };
		C4B617F926A83FB000692173 /* SceneDelegate.swift in Sources */ = {isa = PBXBuildFile; fileRef = C4B617F826A83FB000692173 /* SceneDelegate.swift */; };
		C4B617FB26A83FB000692173 /* ViewController.swift in Sources */ = {isa = PBXBuildFile; fileRef = C4B617FA26A83FB000692173 /* ViewController.swift */; };
		C4B617FE26A83FB000692173 /* Main.storyboard in Resources */ = {isa = PBXBuildFile; fileRef = C4B617FC26A83FB000692173 /* Main.storyboard */; };
		C4B6180026A83FB200692173 /* Assets.xcassets in Resources */ = {isa = PBXBuildFile; fileRef = C4B617FF26A83FB200692173 /* Assets.xcassets */; };
		C4B6180326A83FB200692173 /* LaunchScreen.storyboard in Resources */ = {isa = PBXBuildFile; fileRef = C4B6180126A83FB200692173 /* LaunchScreen.storyboard */; };
		C4B6180C26A8499A00692173 /* start.txt in Resources */ = {isa = PBXBuildFile; fileRef = C4B6180B26A8499A00692173 /* start.txt */; };
/* End PBXBuildFile section */

/* Begin PBXFileReference section */
		C4B617F326A83FB000692173 /* Challenge3.app */ = {isa = PBXFileReference; explicitFileType = wrapper.application; includeInIndex = 0; path = Challenge3.app; sourceTree = BUILT_PRODUCTS_DIR; };
		C4B617F626A83FB000692173 /* AppDelegate.swift */ = {isa = PBXFileReference; lastKnownFileType = sourcecode.swift; path = AppDelegate.swift; sourceTree = "<group>"; };
		C4B617F826A83FB000692173 /* SceneDelegate.swift */ = {isa = PBXFileReference; lastKnownFileType = sourcecode.swift; path = SceneDelegate.swift; sourceTree = "<group>"; };
		C4B617FA26A83FB000692173 /* ViewController.swift */ = {isa = PBXFileReference; lastKnownFileType = sourcecode.swift; path = ViewController.swift; sourceTree = "<group>"; };
		C4B617FD26A83FB000692173 /* Base */ = {isa = PBXFileReference; lastKnownFileType = file.storyboard; name = Base; path = Base.lproj/Main.storyboard; sourceTree = "<group>"; };
		C4B617FF26A83FB200692173 /* Assets.xcassets */ = {isa = PBXFileReference; lastKnownFileType = folder.assetcatalog; path = Assets.xcassets; sourceTree = "<group>"; };
		C4B6180226A83FB200692173 /* Base */ = {isa = PBXFileReference; lastKnownFileType = file.storyboard; name = Base; path = Base.lproj/LaunchScreen.storyboard; sourceTree = "<group>"; };
		C4B6180426A83FB200692173 /* Info.plist */ = {isa = PBXFileReference; lastKnownFileType = text.plist.xml; path = Info.plist; sourceTree = "<group>"; };
		C4B6180B26A8499A00692173 /* start.txt */ = {isa = PBXFileReference; fileEncoding = 4; lastKnownFileType = text; path = start.txt; sourceTree = "<group>"; };
/* End PBXFileReference section */

/* Begin PBXFrameworksBuildPhase section */
		C4B617F026A83FB000692173 /* Frameworks */ = {
			isa = PBXFrameworksBuildPhase;
			buildActionMask = 2147483647;
			files = (
			);
			runOnlyForDeploymentPostprocessing = 0;
		};
/* End PBXFrameworksBuildPhase section */

/* Begin PBXGroup section */
		C4B617EA26A83FB000692173 = {
			isa = PBXGroup;
			children = (
				C4B617F526A83FB000692173 /* Challenge3 */,
				C4B617F426A83FB000692173 /* Products */,
			);
			sourceTree = "<group>";
		};
		C4B617F426A83FB000692173 /* Products */ = {
			isa = PBXGroup;
			children = (
				C4B617F326A83FB000692173 /* Challenge3.app */,
			);
			name = Products;
			sourceTree = "<group>";
		};
		C4B617F526A83FB000692173 /* Challenge3 */ = {
			isa = PBXGroup;
			children = (
				C4B6180D26A84A4100692173 /* Model */,
				C4B6180E26A84A4900692173 /* View */,
				C4B6180F26A84A5100692173 /* Controller */,
				C4B617F626A83FB000692173 /* AppDelegate.swift */,
				C4B617F826A83FB000692173 /* SceneDelegate.swift */,
				C4B617FF26A83FB200692173 /* Assets.xcassets */,
				C4B6180126A83FB200692173 /* LaunchScreen.storyboard */,
				C4B6180426A83FB200692173 /* Info.plist */,
				C4B6180B26A8499A00692173 /* start.txt */,
			);
			path = Challenge3;
			sourceTree = "<group>";
		};
		C4B6180D26A84A4100692173 /* Model */ = {
			isa = PBXGroup;
			children = (
			);
			path = Model;
			sourceTree = "<group>";
		};
		C4B6180E26A84A4900692173 /* View */ = {
			isa = PBXGroup;
			children = (
				C4B617FC26A83FB000692173 /* Main.storyboard */,
			);
			path = View;
			sourceTree = "<group>";
		};
		C4B6180F26A84A5100692173 /* Controller */ = {
			isa = PBXGroup;
			children = (
				C4B617FA26A83FB000692173 /* ViewController.swift */,
			);
			path = Controller;
			sourceTree = "<group>";
		};
/* End PBXGroup section */

/* Begin PBXNativeTarget section */
		C4B617F226A83FB000692173 /* Challenge3 */ = {
			isa = PBXNativeTarget;
			buildConfigurationList = C4B6180726A83FB200692173 /* Build configuration list for PBXNativeTarget "Challenge3" */;
			buildPhases = (
				C4B617EF26A83FB000692173 /* Sources */,
				C4B617F026A83FB000692173 /* Frameworks */,
				C4B617F126A83FB000692173 /* Resources */,
			);
			buildRules = (
			);
			dependencies = (
			);
			name = Challenge3;
			productName = Challenge3;
			productReference = C4B617F326A83FB000692173 /* Challenge3.app */;
			productType = "com.apple.product-type.application";
		};
/* End PBXNativeTarget section */

/* Begin PBXProject section */
		C4B617EB26A83FB000692173 /* Project object */ = {
			isa = PBXProject;
			attributes = {
				LastSwiftUpdateCheck = 1250;
				LastUpgradeCheck = 1250;
				TargetAttributes = {
					C4B617F226A83FB000692173 = {
						CreatedOnToolsVersion = 12.5.1;
					};
				};
			};
			buildConfigurationList = C4B617EE26A83FB000692173 /* Build configuration list for PBXProject "Challenge3" */;
			compatibilityVersion = "Xcode 9.3";
			developmentRegion = en;
			hasScannedForEncodings = 0;
			knownRegions = (
				en,
				Base,
			);
			mainGroup = C4B617EA26A83FB000692173;
			productRefGroup = C4B617F426A83FB000692173 /* Products */;
			projectDirPath = "";
			projectRoot = "";
			targets = (
				C4B617F226A83FB000692173 /* Challenge3 */,
			);
		};
/* End PBXProject section */

/* Begin PBXResourcesBuildPhase section */
		C4B617F126A83FB000692173 /* Resources */ = {
			isa = PBXResourcesBuildPhase;
			buildActionMask = 2147483647;
			files = (
				C4B6180326A83FB200692173 /* LaunchScreen.storyboard in Resources */,
				C4B6180C26A8499A00692173 /* start.txt in Resources */,
				C4B6180026A83FB200692173 /* Assets.xcassets in Resources */,
				C4B617FE26A83FB000692173 /* Main.storyboard in Resources */,
			);
			runOnlyForDeploymentPostprocessing = 0;
		};
/* End PBXResourcesBuildPhase section */

/* Begin PBXSourcesBuildPhase section */
		C4B617EF26A83FB000692173 /* Sources */ = {
			isa = PBXSourcesBuildPhase;
			buildActionMask = 2147483647;
			files = (
				C4B617FB26A83FB000692173 /* ViewController.swift in Sources */,
				C4B617F726A83FB000692173 /* AppDelegate.swift in Sources */,
				C4B617F926A83FB000692173 /* SceneDelegate.swift in Sources */,
			);
			runOnlyForDeploymentPostprocessing = 0;
		};
/* End PBXSourcesBuildPhase section */

/* Begin PBXVariantGroup section */
		C4B617FC26A83FB000692173 /* Main.storyboard */ = {
			isa = PBXVariantGroup;
			children = (
				C4B617FD26A83FB000692173 /* Base */,
			);
			name = Main.storyboard;
			sourceTree = "<group>";
		};
		C4B6180126A83FB200692173 /* LaunchScreen.storyboard */ = {
			isa = PBXVariantGroup;
			children = (
				C4B6180226A83FB200692173 /* Base */,
			);
			name = LaunchScreen.storyboard;
			sourceTree = "<group>";
		};
/* End PBXVariantGroup section */

/* Begin XCBuildConfiguration section */
		C4B6180526A83FB200692173 /* Debug */ = {
			isa = XCBuildConfiguration;
			buildSettings = {
				ALWAYS_SEARCH_USER_PATHS = NO;
				CLANG_ANALYZER_NONNULL = YES;
				CLANG_ANALYZER_NUMBER_OBJECT_CONVERSION = YES_AGGRESSIVE;
				CLANG_CXX_LANGUAGE_STANDARD = "gnu++14";
				CLANG_CXX_LIBRARY = "libc++";
				CLANG_ENABLE_MODULES = YES;
				CLANG_ENABLE_OBJC_ARC = YES;
				CLANG_ENABLE_OBJC_WEAK = YES;
				CLANG_WARN_BLOCK_CAPTURE_AUTORELEASING = YES;
				CLANG_WARN_BOOL_CONVERSION = YES;
				CLANG_WARN_COMMA = YES;
				CLANG_WARN_CONSTANT_CONVERSION = YES;
				CLANG_WARN_DEPRECATED_OBJC_IMPLEMENTATIONS = YES;
				CLANG_WARN_DIRECT_OBJC_ISA_USAGE = YES_ERROR;
				CLANG_WARN_DOCUMENTATION_COMMENTS = YES;
				CLANG_WARN_EMPTY_BODY = YES;
				CLANG_WARN_ENUM_CONVERSION = YES;
				CLANG_WARN_INFINITE_RECURSION = YES;
				CLANG_WARN_INT_CONVERSION = YES;
				CLANG_WARN_NON_LITERAL_NULL_CONVERSION = YES;
				CLANG_WARN_OBJC_IMPLICIT_RETAIN_SELF = YES;
				CLANG_WARN_OBJC_LITERAL_CONVERSION = YES;
				CLANG_WARN_OBJC_ROOT_CLASS = YES_ERROR;
				CLANG_WARN_QUOTED_INCLUDE_IN_FRAMEWORK_HEADER = YES;
				CLANG_WARN_RANGE_LOOP_ANALYSIS = YES;
				CLANG_WARN_STRICT_PROTOTYPES = YES;
				CLANG_WARN_SUSPICIOUS_MOVE = YES;
				CLANG_WARN_UNGUARDED_AVAILABILITY = YES_AGGRESSIVE;
				CLANG_WARN_UNREACHABLE_CODE = YES;
				CLANG_WARN__DUPLICATE_METHOD_MATCH = YES;
				COPY_PHASE_STRIP = NO;
				DEBUG_INFORMATION_FORMAT = dwarf;
				ENABLE_STRICT_OBJC_MSGSEND = YES;
				ENABLE_TESTABILITY = YES;
				GCC_C_LANGUAGE_STANDARD = gnu11;
				GCC_DYNAMIC_NO_PIC = NO;
				GCC_NO_COMMON_BLOCKS = YES;
				GCC_OPTIMIZATION_LEVEL = 0;
				GCC_PREPROCESSOR_DEFINITIONS = (
					"DEBUG=1",
					"$(inherited)",
				);
				GCC_WARN_64_TO_32_BIT_CONVERSION = YES;
				GCC_WARN_ABOUT_RETURN_TYPE = YES_ERROR;
				GCC_WARN_UNDECLARED_SELECTOR = YES;
				GCC_WARN_UNINITIALIZED_AUTOS = YES_AGGRESSIVE;
				GCC_WARN_UNUSED_FUNCTION = YES;
				GCC_WARN_UNUSED_VARIABLE = YES;
				IPHONEOS_DEPLOYMENT_TARGET = 14.5;
				MTL_ENABLE_DEBUG_INFO = INCLUDE_SOURCE;
				MTL_FAST_MATH = YES;
				ONLY_ACTIVE_ARCH = YES;
				SDKROOT = iphoneos;
				SWIFT_ACTIVE_COMPILATION_CONDITIONS = DEBUG;
				SWIFT_OPTIMIZATION_LEVEL = "-Onone";
			};
			name = Debug;
		};
		C4B6180626A83FB200692173 /* Release */ = {
			isa = XCBuildConfiguration;
			buildSettings = {
				ALWAYS_SEARCH_USER_PATHS = NO;
				CLANG_ANALYZER_NONNULL = YES;
				CLANG_ANALYZER_NUMBER_OBJECT_CONVERSION = YES_AGGRESSIVE;
				CLANG_CXX_LANGUAGE_STANDARD = "gnu++14";
				CLANG_CXX_LIBRARY = "libc++";
				CLANG_ENABLE_MODULES = YES;
				CLANG_ENABLE_OBJC_ARC = YES;
				CLANG_ENABLE_OBJC_WEAK = YES;
				CLANG_WARN_BLOCK_CAPTURE_AUTORELEASING = YES;
				CLANG_WARN_BOOL_CONVERSION = YES;
				CLANG_WARN_COMMA = YES;
				CLANG_WARN_CONSTANT_CONVERSION = YES;
				CLANG_WARN_DEPRECATED_OBJC_IMPLEMENTATIONS = YES;
				CLANG_WARN_DIRECT_OBJC_ISA_USAGE = YES_ERROR;
				CLANG_WARN_DOCUMENTATION_COMMENTS = YES;
				CLANG_WARN_EMPTY_BODY = YES;
				CLANG_WARN_ENUM_CONVERSION = YES;
				CLANG_WARN_INFINITE_RECURSION = YES;
				CLANG_WARN_INT_CONVERSION = YES;
				CLANG_WARN_NON_LITERAL_NULL_CONVERSION = YES;
				CLANG_WARN_OBJC_IMPLICIT_RETAIN_SELF = YES;
				CLANG_WARN_OBJC_LITERAL_CONVERSION = YES;
				CLANG_WARN_OBJC_ROOT_CLASS = YES_ERROR;
				CLANG_WARN_QUOTED_INCLUDE_IN_FRAMEWORK_HEADER = YES;
				CLANG_WARN_RANGE_LOOP_ANALYSIS = YES;
				CLANG_WARN_STRICT_PROTOTYPES = YES;
				CLANG_WARN_SUSPICIOUS_MOVE = YES;
				CLANG_WARN_UNGUARDED_AVAILABILITY = YES_AGGRESSIVE;
				CLANG_WARN_UNREACHABLE_CODE = YES;
				CLANG_WARN__DUPLICATE_METHOD_MATCH = YES;
				COPY_PHASE_STRIP = NO;
				DEBUG_INFORMATION_FORMAT = "dwarf-with-dsym";
				ENABLE_NS_ASSERTIONS = NO;
				ENABLE_STRICT_OBJC_MSGSEND = YES;
				GCC_C_LANGUAGE_STANDARD = gnu11;
				GCC_NO_COMMON_BLOCKS = YES;
				GCC_WARN_64_TO_32_BIT_CONVERSION = YES;
				GCC_WARN_ABOUT_RETURN_TYPE = YES_ERROR;
				GCC_WARN_UNDECLARED_SELECTOR = YES;
				GCC_WARN_UNINITIALIZED_AUTOS = YES_AGGRESSIVE;
				GCC_WARN_UNUSED_FUNCTION = YES;
				GCC_WARN_UNUSED_VARIABLE = YES;
				IPHONEOS_DEPLOYMENT_TARGET = 14.5;
				MTL_ENABLE_DEBUG_INFO = NO;
				MTL_FAST_MATH = YES;
				SDKROOT = iphoneos;
				SWIFT_COMPILATION_MODE = wholemodule;
				SWIFT_OPTIMIZATION_LEVEL = "-O";
				VALIDATE_PRODUCT = YES;
			};
			name = Release;
		};
		C4B6180826A83FB200692173 /* Debug */ = {
			isa = XCBuildConfiguration;
			buildSettings = {
				ASSETCATALOG_COMPILER_APPICON_NAME = AppIcon;
				ASSETCATALOG_COMPILER_GLOBAL_ACCENT_COLOR_NAME = AccentColor;
				CODE_SIGN_STYLE = Automatic;
				DEVELOPMENT_TEAM = 9ZDQ7ASWHR;
				INFOPLIST_FILE = Challenge3/Info.plist;
				LD_RUNPATH_SEARCH_PATHS = (
					"$(inherited)",
					"@executable_path/Frameworks",
				);
				PRODUCT_BUNDLE_IDENTIFIER = com.edyama.Challenge3;
				PRODUCT_NAME = "$(TARGET_NAME)";
				SWIFT_VERSION = 5.0;
				TARGETED_DEVICE_FAMILY = "1,2";
			};
			name = Debug;
		};
		C4B6180926A83FB200692173 /* Release */ = {
			isa = XCBuildConfiguration;
			buildSettings = {
				ASSETCATALOG_COMPILER_APPICON_NAME = AppIcon;
				ASSETCATALOG_COMPILER_GLOBAL_ACCENT_COLOR_NAME = AccentColor;
				CODE_SIGN_STYLE = Automatic;
				DEVELOPMENT_TEAM = 9ZDQ7ASWHR;
				INFOPLIST_FILE = Challenge3/Info.plist;
				LD_RUNPATH_SEARCH_PATHS = (
					"$(inherited)",
					"@executable_path/Frameworks",
				);
				PRODUCT_BUNDLE_IDENTIFIER = com.edyama.Challenge3;
				PRODUCT_NAME = "$(TARGET_NAME)";
				SWIFT_VERSION = 5.0;
				TARGETED_DEVICE_FAMILY = "1,2";
			};
			name = Release;
		};
/* End XCBuildConfiguration section */

/* Begin XCConfigurationList section */
		C4B617EE26A83FB000692173 /* Build configuration list for PBXProject "Challenge3" */ = {
			isa = XCConfigurationList;
			buildConfigurations = (
				C4B6180526A83FB200692173 /* Debug */,
				C4B6180626A83FB200692173 /* Release */,
			);
			defaultConfigurationIsVisible = 0;
			defaultConfigurationName = Release;
		};
		C4B6180726A83FB200692173 /* Build configuration list for PBXNativeTarget "Challenge3" */ = {
			isa = XCConfigurationList;
			buildConfigurations = (
				C4B6180826A83FB200692173 /* Debug */,
				C4B6180926A83FB200692173 /* Release */,
			);
			defaultConfigurationIsVisible = 0;
			defaultConfigurationName = Release;
		};
/* End XCConfigurationList section */
	};
	rootObject = C4B617EB26A83FB000692173 /* Project object */;
}
